{
  "lockfile_version": "1",
  "packages": {
    "gnu-cobol@latest": {
      "last_modified": "2024-09-17T14:38:52Z",
      "resolved": "github:NixOS/nixpkgs/658e7223191d2598641d50ee4e898126768fe847#gnu-cobol",
      "source": "devbox-search",
      "version": "3.2",
      "systems": {
        "aarch64-darwin": {
          "outputs": [
            {
              "name": "bin",
              "path": "/nix/store/z88div305cgakr9shrj5v32dw8w2dlsk-gnu-cobol-3.2-bin",
              "default": true
            },
            {
              "name": "dev",
              "path": "/nix/store/hji41243i9ddf0si96i1lb2frhin6154-gnu-cobol-3.2-dev"
            },
            {
              "name": "lib",
              "path": "/nix/store/jkp0617m5v20j6qd4ghp41kmg5k5w01b-gnu-cobol-3.2-lib"
            },
            {
              "name": "out",
              "path": "/nix/store/zllizii9l54x5lzrrmr9dm0pcmxzb1yn-gnu-cobol-3.2"
            }
          ],
          "store_path": "/nix/store/z88div305cgakr9shrj5v32dw8w2dlsk-gnu-cobol-3.2-bin"
        },
        "aarch64-linux": {
          "outputs": [
            {
              "name": "bin",
              "path": "/nix/store/h5vmnqbfw2s553hrqax61nnshins83xz-gnu-cobol-3.2-bin",
              "default": true
            },
            {
              "name": "dev",
              "path": "/nix/store/c2bij7krpjxm8d61r3alrx1ambdidzk4-gnu-cobol-3.2-dev"
            },
            {
              "name": "lib",
              "path": "/nix/store/c0ihs2i9v44v758391jjc5agygh1fbxc-gnu-cobol-3.2-lib"
            },
            {
              "name": "out",
              "path": "/nix/store/ncziky5p9b88z8lmd7cbg7jm2qhs6ak1-gnu-cobol-3.2"
            }
          ],
          "store_path": "/nix/store/h5vmnqbfw2s553hrqax61nnshins83xz-gnu-cobol-3.2-bin"
        },
        "x86_64-darwin": {
          "outputs": [
            {
              "name": "bin",
              "path": "/nix/store/57i29bn3zmq6x0n1kd333pfyk8v5q946-gnu-cobol-3.2-bin",
              "default": true
            },
            {
              "name": "out",
              "path": "/nix/store/5yfph3lqwazd855b7l8530a0hkrxnbvl-gnu-cobol-3.2"
            },
            {
              "name": "dev",
              "path": "/nix/store/rfv9jqp5axz6hvkxgk0qaji55y8210bz-gnu-cobol-3.2-dev"
            },
            {
              "name": "lib",
              "path": "/nix/store/kmjy3adwd9wy4wzz6k7bdi59g9jqzl1g-gnu-cobol-3.2-lib"
            }
          ],
          "store_path": "/nix/store/57i29bn3zmq6x0n1kd333pfyk8v5q946-gnu-cobol-3.2-bin"
        },
        "x86_64-linux": {
          "outputs": [
            {
              "name": "bin",
              "path": "/nix/store/1z76hyphavhbzlm9vvpayvqmhg79amcp-gnu-cobol-3.2-bin",
              "default": true
            },
            {
              "name": "dev",
              "path": "/nix/store/vhy62mhgzrfz0b7ky78d73ag36p2a2fb-gnu-cobol-3.2-dev"
            },
            {
              "name": "lib",
              "path": "/nix/store/s7clh640s12xk28pjxbyd0pz8fcycxal-gnu-cobol-3.2-lib"
            },
            {
              "name": "out",
              "path": "/nix/store/s95h5bzljqxkxr1h3jaiy0mzx2vmibbs-gnu-cobol-3.2"
            }
          ],
          "store_path": "/nix/store/1z76hyphavhbzlm9vvpayvqmhg79amcp-gnu-cobol-3.2-bin"
        }
      }
    }
  }
}
